
Microsoft Visual Studio Solution File, Format Version 12.00
# Visual Studio Version 16
VisualStudioVersion = 16.0.31729.503
MinimumVisualStudioVersion = 10.0.40219.1
Project("{FAE04EC0-301F-11D3-BF4B-00C04F79EFBC}") = "splitting", "splitting\splitting.csproj", "{ED8F1A61-0351-4DB1-A208-DF3CA86BD702}"
EndProject
Global
	GlobalSection(SolutionConfigurationPlatforms) = preSolution
		Debug|Any CPU = Debug|Any CPU
		Release|Any CPU = Release|Any CPU
	EndGlobalSection
	GlobalSection(ProjectConfigurationPlatforms) = postSolution
		{ED8F1A61-0351-4DB1-A208-DF3CA86BD702}.Debug|Any CPU.ActiveCfg = Debug|Any CPU
		{ED8F1A61-0351-4DB1-A208-DF3CA86BD702}.Debug|Any CPU.Build.0 = Debug|Any CPU
		{ED8F1A61-0351-4DB1-A208-DF3CA86BD702}.Release|Any CPU.ActiveCfg = Release|Any CPU
		{ED8F1A61-0351-4DB1-A208-DF3CA86BD702}.Release|Any CPU.Build.0 = Release|Any CPU
	EndGlobalSection
	GlobalSection(SolutionProperties) = preSolution
		HideSolutionNode = FALSE
	EndGlobalSection
	GlobalSection(ExtensibilityGlobals) = postSolution
		SolutionGuid = {5BF491BE-A5F0-4748-B91E-292CA5AD7598}
	EndGlobalSection
EndGlobal
